{
  "nodes": {
    "conch": {
      "inputs": {
        "nixpkgs": [
          "nixpkgs"
        ],
        "nixpkgs-lib": "nixpkgs-lib"
      },
      "locked": {
        "lastModified": 1752744998,
        "narHash": "sha256-bGK5sNfl0v+4BcMLh1NqH8aNg7ZweEuYPPjyEhqqpeo=",
        "owner": "mibmo",
        "repo": "conch",
        "rev": "0c60c438ac69c009f8fc99a0be53f39060a2c9c4",
        "type": "github"
      },
      "original": {
        "owner": "mibmo",
        "repo": "conch",
        "type": "github"
      }
    },
    "nixpkgs": {
      "locked": {
        "lastModified": 1756542300,
        "narHash": "sha256-tlOn88coG5fzdyqz6R93SQL5Gpq+m/DsWpekNFhqPQk=",
        "owner": "NixOS",
        "repo": "nixpkgs",
        "rev": "d7600c775f877cd87b4f5a831c28aa94137377aa",
        "type": "github"
      },
      "original": {
        "id": "nixpkgs",
        "ref": "nixos-unstable",
        "type": "indirect"
      }
    },
    "nixpkgs-lib": {
      "locked": {
        "dir": "lib",
        "lastModified": 1745998881,
        "narHash": "sha256-vonyYAKJSlsX4n9GCsS0pHxR6yCrfqBIuGvANlkwG6U=",
        "owner": "nixos",
        "repo": "nixpkgs",
        "rev": "423d2df5b04b4ee7688c3d71396e872afa236a89",
        "type": "github"
      },
      "original": {
        "dir": "lib",
        "owner": "nixos",
        "ref": "nixpkgs-unstable",
        "repo": "nixpkgs",
        "type": "github"
      }
    },
    "root": {
      "inputs": {
        "conch": "conch",
        "nixpkgs": "nixpkgs"
      }
    }
  },
  "root": "root",
  "version": 7
}
